dependencies:
- name: nginx-demo
  repository: file://../nginx-demo
  version: 0.6.0
- name: shop-api
  repository: file://../shop-api
  version: 0.1.0
- name: shop-db
  repository: file://../shop-db
  version: 0.1.0
digest: sha256:d4d1189712940e5d58ebb01f37c0ff63fe0be972cd7e80872d80625a245ee1e8
generated: "2026-09-23T00:25:30.28116683-06:00"
